
Microsoft Visual Studio Solution File, Format Version 12.00
# Visual Studio Version 16
VisualStudioVersion = 16.0.31313.79
MinimumVisualStudioVersion = 10.0.40219.1
Project("{FAE04EC0-301F-11D3-BF4B-00C04F79EFBC}") = "ConsoleAppIfStructures", "ConsoleAppIfStructures.csproj", "{C2BE4B7A-701E-4800-9B3D-18567F145A3C}"
EndProject
Global
	GlobalSection(SolutionConfigurationPlatforms) = preSolution
		Debug|Any CPU = Debug|Any CPU
		Release|Any CPU = Release|Any CPU
	EndGlobalSection
	GlobalSection(ProjectConfigurationPlatforms) = postSolution
		{C2BE4B7A-701E-4800-9B3D-18567F145A3C}.Debug|Any CPU.ActiveCfg = Debug|Any CPU
		{C2BE4B7A-701E-4800-9B3D-18567F145A3C}.Debug|Any CPU.Build.0 = Debug|Any CPU
		{C2BE4B7A-701E-4800-9B3D-18567F145A3C}.Release|Any CPU.ActiveCfg = Release|Any CPU
		{C2BE4B7A-701E-4800-9B3D-18567F145A3C}.Release|Any CPU.Build.0 = Release|Any CPU
	EndGlobalSection
	GlobalSection(SolutionProperties) = preSolution
		HideSolutionNode = FALSE
	EndGlobalSection
	GlobalSection(ExtensibilityGlobals) = postSolution
		SolutionGuid = {70590CE0-088F-480D-8120-9784C268FC4D}
	EndGlobalSection
EndGlobal
