
Microsoft Visual Studio Solution File, Format Version 12.00
# Visual Studio Version 16
VisualStudioVersion = 16.0.31313.79
MinimumVisualStudioVersion = 10.0.40219.1
Project("{FAE04EC0-301F-11D3-BF4B-00C04F79EFBC}") = "Try-Catch", "Try-Catch.csproj", "{0923D4C1-A35E-440A-AB04-90F3389A68FA}"
EndProject
Global
	GlobalSection(SolutionConfigurationPlatforms) = preSolution
		Debug|Any CPU = Debug|Any CPU
		Release|Any CPU = Release|Any CPU
	EndGlobalSection
	GlobalSection(ProjectConfigurationPlatforms) = postSolution
		{0923D4C1-A35E-440A-AB04-90F3389A68FA}.Debug|Any CPU.ActiveCfg = Debug|Any CPU
		{0923D4C1-A35E-440A-AB04-90F3389A68FA}.Debug|Any CPU.Build.0 = Debug|Any CPU
		{0923D4C1-A35E-440A-AB04-90F3389A68FA}.Release|Any CPU.ActiveCfg = Release|Any CPU
		{0923D4C1-A35E-440A-AB04-90F3389A68FA}.Release|Any CPU.Build.0 = Release|Any CPU
	EndGlobalSection
	GlobalSection(SolutionProperties) = preSolution
		HideSolutionNode = FALSE
	EndGlobalSection
	GlobalSection(ExtensibilityGlobals) = postSolution
		SolutionGuid = {4D100DFB-06DA-4A83-8241-8071C119D0EF}
	EndGlobalSection
EndGlobal
