
Microsoft Visual Studio Solution File, Format Version 12.00
# Visual Studio Version 16
VisualStudioVersion = 16.0.31313.79
MinimumVisualStudioVersion = 10.0.40219.1
Project("{FAE04EC0-301F-11D3-BF4B-00C04F79EFBC}") = "ConsoleAppStringMethods", "ConsoleAppStringMethods.csproj", "{F8F411B8-A4C2-4A6C-B6B0-95B4B1FF099A}"
EndProject
Global
	GlobalSection(SolutionConfigurationPlatforms) = preSolution
		Debug|Any CPU = Debug|Any CPU
		Release|Any CPU = Release|Any CPU
	EndGlobalSection
	GlobalSection(ProjectConfigurationPlatforms) = postSolution
		{F8F411B8-A4C2-4A6C-B6B0-95B4B1FF099A}.Debug|Any CPU.ActiveCfg = Debug|Any CPU
		{F8F411B8-A4C2-4A6C-B6B0-95B4B1FF099A}.Debug|Any CPU.Build.0 = Debug|Any CPU
		{F8F411B8-A4C2-4A6C-B6B0-95B4B1FF099A}.Release|Any CPU.ActiveCfg = Release|Any CPU
		{F8F411B8-A4C2-4A6C-B6B0-95B4B1FF099A}.Release|Any CPU.Build.0 = Release|Any CPU
	EndGlobalSection
	GlobalSection(SolutionProperties) = preSolution
		HideSolutionNode = FALSE
	EndGlobalSection
	GlobalSection(ExtensibilityGlobals) = postSolution
		SolutionGuid = {8D86F10C-9C54-4408-A28F-E6C4360516F6}
	EndGlobalSection
EndGlobal
