
Microsoft Visual Studio Solution File, Format Version 12.00
# Visual Studio Version 16
VisualStudioVersion = 16.0.31313.79
MinimumVisualStudioVersion = 10.0.40219.1
Project("{FAE04EC0-301F-11D3-BF4B-00C04F79EFBC}") = "ConsoleAppEnum", "ConsoleAppEnum.csproj", "{60C99A3B-8A00-4462-966D-B53C3B2F90A2}"
EndProject
Global
	GlobalSection(SolutionConfigurationPlatforms) = preSolution
		Debug|Any CPU = Debug|Any CPU
		Release|Any CPU = Release|Any CPU
	EndGlobalSection
	GlobalSection(ProjectConfigurationPlatforms) = postSolution
		{60C99A3B-8A00-4462-966D-B53C3B2F90A2}.Debug|Any CPU.ActiveCfg = Debug|Any CPU
		{60C99A3B-8A00-4462-966D-B53C3B2F90A2}.Debug|Any CPU.Build.0 = Debug|Any CPU
		{60C99A3B-8A00-4462-966D-B53C3B2F90A2}.Release|Any CPU.ActiveCfg = Release|Any CPU
		{60C99A3B-8A00-4462-966D-B53C3B2F90A2}.Release|Any CPU.Build.0 = Release|Any CPU
	EndGlobalSection
	GlobalSection(SolutionProperties) = preSolution
		HideSolutionNode = FALSE
	EndGlobalSection
	GlobalSection(ExtensibilityGlobals) = postSolution
		SolutionGuid = {27CC5D58-5A47-40AA-94FF-6F44287D3E21}
	EndGlobalSection
EndGlobal
